
Microsoft Visual Studio Solution File, Format Version 12.00
# Visual Studio Version 17
VisualStudioVersion = 17.1.32319.34
MinimumVisualStudioVersion = 10.0.40219.1
Project("{9A19103F-16F7-4668-BE54-9A1E7A4F7556}") = "Lesson10_1_Standard_Interfaces", "Lesson10_1_Standard_Interfaces\Lesson10_1_Standard_Interfaces.csproj", "{6CB50453-2FDB-48A1-803D-A7E515E8B257}"
EndProject
Project("{9A19103F-16F7-4668-BE54-9A1E7A4F7556}") = "Models", "Models\Models.csproj", "{88687673-63E8-40E3-B8F4-E5FDCD8DF61A}"
EndProject
Project("{FAE04EC0-301F-11D3-BF4B-00C04F79EFBC}") = "Lesson10_3_Delegate_1", "Lesson10_3_Delegate_1\Lesson10_3_Delegate_1.csproj", "{B071D1AA-AFAD-4BDC-8339-8C4FB1434906}"
EndProject
Project("{FAE04EC0-301F-11D3-BF4B-00C04F79EFBC}") = "Lesson10_2_Tuple_ValueTuple", "Lesson10_2_Tuple_ValueTuple\Lesson10_2_Tuple_ValueTuple.csproj", "{F5CFB0C9-6BEC-443E-8CE0-7AF52A5B8F27}"
EndProject
Project("{FAE04EC0-301F-11D3-BF4B-00C04F79EFBC}") = "Lesson10_4_Delegate_2", "Lesson10_4_Delegate_2\Lesson10_4_Delegate_2.csproj", "{2D2F5623-E786-4DDC-A6C7-DA3D7CAD032E}"
EndProject
Project("{FAE04EC0-301F-11D3-BF4B-00C04F79EFBC}") = "Lesson10_5_Delegate_3", "Lesson10_5_Delegate_3\Lesson10_5_Delegate_3.csproj", "{F03049C3-5044-48C2-9A7D-F14194604171}"
EndProject
Project("{FAE04EC0-301F-11D3-BF4B-00C04F79EFBC}") = "Lesson10_6_Delegate_5", "Lesson10_6_Delegate_5\Lesson10_6_Delegate_5.csproj", "{EA1814D0-55EC-4F8C-ADB7-D07F6E801F52}"
EndProject
Global
	GlobalSection(SolutionConfigurationPlatforms) = preSolution
		Debug|Any CPU = Debug|Any CPU
		Release|Any CPU = Release|Any CPU
	EndGlobalSection
	GlobalSection(ProjectConfigurationPlatforms) = postSolution
		{6CB50453-2FDB-48A1-803D-A7E515E8B257}.Debug|Any CPU.ActiveCfg = Debug|Any CPU
		{6CB50453-2FDB-48A1-803D-A7E515E8B257}.Debug|Any CPU.Build.0 = Debug|Any CPU
		{6CB50453-2FDB-48A1-803D-A7E515E8B257}.Release|Any CPU.ActiveCfg = Release|Any CPU
		{6CB50453-2FDB-48A1-803D-A7E515E8B257}.Release|Any CPU.Build.0 = Release|Any CPU
		{88687673-63E8-40E3-B8F4-E5FDCD8DF61A}.Debug|Any CPU.ActiveCfg = Debug|Any CPU
		{88687673-63E8-40E3-B8F4-E5FDCD8DF61A}.Debug|Any CPU.Build.0 = Debug|Any CPU
		{88687673-63E8-40E3-B8F4-E5FDCD8DF61A}.Release|Any CPU.ActiveCfg = Release|Any CPU
		{88687673-63E8-40E3-B8F4-E5FDCD8DF61A}.Release|Any CPU.Build.0 = Release|Any CPU
		{B071D1AA-AFAD-4BDC-8339-8C4FB1434906}.Debug|Any CPU.ActiveCfg = Debug|Any CPU
		{B071D1AA-AFAD-4BDC-8339-8C4FB1434906}.Debug|Any CPU.Build.0 = Debug|Any CPU
		{B071D1AA-AFAD-4BDC-8339-8C4FB1434906}.Release|Any CPU.ActiveCfg = Release|Any CPU
		{B071D1AA-AFAD-4BDC-8339-8C4FB1434906}.Release|Any CPU.Build.0 = Release|Any CPU
		{F5CFB0C9-6BEC-443E-8CE0-7AF52A5B8F27}.Debug|Any CPU.ActiveCfg = Debug|Any CPU
		{F5CFB0C9-6BEC-443E-8CE0-7AF52A5B8F27}.Debug|Any CPU.Build.0 = Debug|Any CPU
		{F5CFB0C9-6BEC-443E-8CE0-7AF52A5B8F27}.Release|Any CPU.ActiveCfg = Release|Any CPU
		{F5CFB0C9-6BEC-443E-8CE0-7AF52A5B8F27}.Release|Any CPU.Build.0 = Release|Any CPU
		{2D2F5623-E786-4DDC-A6C7-DA3D7CAD032E}.Debug|Any CPU.ActiveCfg = Debug|Any CPU
		{2D2F5623-E786-4DDC-A6C7-DA3D7CAD032E}.Debug|Any CPU.Build.0 = Debug|Any CPU
		{2D2F5623-E786-4DDC-A6C7-DA3D7CAD032E}.Release|Any CPU.ActiveCfg = Release|Any CPU
		{2D2F5623-E786-4DDC-A6C7-DA3D7CAD032E}.Release|Any CPU.Build.0 = Release|Any CPU
		{F03049C3-5044-48C2-9A7D-F14194604171}.Debug|Any CPU.ActiveCfg = Debug|Any CPU
		{F03049C3-5044-48C2-9A7D-F14194604171}.Debug|Any CPU.Build.0 = Debug|Any CPU
		{F03049C3-5044-48C2-9A7D-F14194604171}.Release|Any CPU.ActiveCfg = Release|Any CPU
		{F03049C3-5044-48C2-9A7D-F14194604171}.Release|Any CPU.Build.0 = Release|Any CPU
		{EA1814D0-55EC-4F8C-ADB7-D07F6E801F52}.Debug|Any CPU.ActiveCfg = Debug|Any CPU
		{EA1814D0-55EC-4F8C-ADB7-D07F6E801F52}.Debug|Any CPU.Build.0 = Debug|Any CPU
		{EA1814D0-55EC-4F8C-ADB7-D07F6E801F52}.Release|Any CPU.ActiveCfg = Release|Any CPU
		{EA1814D0-55EC-4F8C-ADB7-D07F6E801F52}.Release|Any CPU.Build.0 = Release|Any CPU
	EndGlobalSection
	GlobalSection(SolutionProperties) = preSolution
		HideSolutionNode = FALSE
	EndGlobalSection
	GlobalSection(ExtensibilityGlobals) = postSolution
		SolutionGuid = {2EA2A5A0-F6CE-4B1D-AE17-AD7FFF23385E}
	EndGlobalSection
EndGlobal
